# -------------------------------------------------------------------------- #
#
# Copyright (C) 1991-2013 Altera Corporation
# Your use of Altera Corporation's design tools, logic functions 
# and other software and tools, and its AMPP partner logic 
# functions, and any output files from any of the foregoing 
# (including device programming or simulation files), and any 
# associated documentation or information are expressly subject 
# to the terms and conditions of the Altera Program License 
# Subscription Agreement, Altera MegaCore Function License 
# Agreement, or other applicable license agreement, including, 
# without limitation, that your use is for the sole purpose of 
# programming logic devices manufactured by Altera and sold by 
# Altera or its authorized distributors.  Please refer to the 
# applicable agreement for further details.
#
# -------------------------------------------------------------------------- #
#
# Quartus II 64-Bit
# Version 13.0.1 Build 232 06/12/2013 Service Pack 1 SJ Web Edition
# Date created = 22:35:58  October 28, 2015
#
# -------------------------------------------------------------------------- #
#
# Notes:
#
# 1) The default values for assignments are stored in the file:
#		halfshield_assignment_defaults.qdf
#    If this file doesn't exist, see file:
#		assignment_defaults.qdf
#
# 2) Altera recommends that you do not modify this file. This
#    file is updated automatically by the Quartus II software
#    and any changes you make may be lost or overwritten.
#
# -------------------------------------------------------------------------- #


set_global_assignment -name FAMILY MAX7000S
set_global_assignment -name DEVICE "EPM7064STC44-10"
set_global_assignment -name TOP_LEVEL_ENTITY halfshield
set_global_assignment -name ORIGINAL_QUARTUS_VERSION "13.0 SP1"
set_global_assignment -name PROJECT_CREATION_TIME_DATE "22:35:58  OCTOBER 28, 2015"
set_global_assignment -name LAST_QUARTUS_VERSION "13.0 SP1"
set_global_assignment -name PROJECT_OUTPUT_DIRECTORY output_files
set_global_assignment -name ERROR_CHECK_FREQUENCY_DIVISOR "-1"
set_global_assignment -name MIN_CORE_JUNCTION_TEMP 0
set_global_assignment -name MAX_CORE_JUNCTION_TEMP 85
set_global_assignment -name EDA_DESIGN_ENTRY_SYNTHESIS_TOOL "Design Compiler"
set_global_assignment -name EDA_INPUT_VCC_NAME VDD -section_id eda_design_synthesis
set_global_assignment -name EDA_LMF_FILE altsyn.lmf -section_id eda_design_synthesis
set_global_assignment -name EDA_INPUT_DATA_FORMAT VHDL -section_id eda_design_synthesis
set_global_assignment -name VHDL_SHOW_LMF_MAPPING_MESSAGES OFF
set_global_assignment -name VHDL_FILE main.vhd
set_global_assignment -name MAX7000_DEVICE_IO_STANDARD TTL
set_location_assignment PIN_14 -to AD[0]
set_location_assignment PIN_15 -to AD[1]
set_location_assignment PIN_18 -to AD[2]
set_location_assignment PIN_19 -to AD[3]
set_location_assignment PIN_20 -to AD[4]
set_location_assignment PIN_21 -to AD[5]
set_location_assignment PIN_22 -to AD[6]
set_location_assignment PIN_23 -to AD[7]
set_location_assignment PIN_44 -to DTR
set_location_assignment PIN_30 -to A[10]
set_location_assignment PIN_27 -to A[9]
set_location_assignment PIN_28 -to A[8]
set_location_assignment PIN_43 -to IRDY
set_location_assignment PIN_33 -to SP1
set_location_assignment PIN_8 -to A[15]
set_location_assignment PIN_6 -to A[14]
set_location_assignment PIN_5 -to A[13]
set_location_assignment PIN_3 -to A[12]
set_location_assignment PIN_2 -to A[11]
set_location_assignment PIN_37 -to ALE
set_location_assignment PIN_25 -to LCD_BL
set_location_assignment PIN_12 -to LCD_RW
set_location_assignment PIN_13 -to LCD_E1
set_location_assignment PIN_11 -to LCD_RS
set_location_assignment PIN_10 -to LCD_E2
set_location_assignment PIN_40 -to RDn
set_location_assignment PIN_39 -to RSTn
set_location_assignment PIN_38 -to WRn
set_location_assignment PIN_42 -to CLK